
Microsoft Visual Studio Solution File, Format Version 12.00
# Visual Studio 15
VisualStudioVersion = 15.0.28010.2026
MinimumVisualStudioVersion = 10.0.40219.1
Project("{E24C65DC-7377-472B-9ABA-BC803B73C61A}") = "BJ_DepthBuffer", "BJ_DepthBuffer\", "{915672C8-D8A8-44AD-A20C-5EEBFE08AB19}"
	ProjectSection(WebsiteProperties) = preProject
		TargetFrameworkMoniker = ".NETFramework,Version%3Dv4.7.2"
		Debug.AspNetCompiler.VirtualPath = "/localhost_48350"
		Debug.AspNetCompiler.PhysicalPath = "BJ_DepthBuffer\"
		Debug.AspNetCompiler.TargetPath = "PrecompiledWeb\localhost_48350\"
		Debug.AspNetCompiler.Updateable = "true"
		Debug.AspNetCompiler.ForceOverwrite = "true"
		Debug.AspNetCompiler.FixedNames = "false"
		Debug.AspNetCompiler.Debug = "True"
		Release.AspNetCompiler.VirtualPath = "/localhost_48350"
		Release.AspNetCompiler.PhysicalPath = "BJ_DepthBuffer\"
		Release.AspNetCompiler.TargetPath = "PrecompiledWeb\localhost_48350\"
		Release.AspNetCompiler.Updateable = "true"
		Release.AspNetCompiler.ForceOverwrite = "true"
		Release.AspNetCompiler.FixedNames = "false"
		Release.AspNetCompiler.Debug = "False"
		VWDPort = "48350"
		SlnRelativePath = "BJ_DepthBuffer\"
		DefaultWebSiteLanguage = "Visual C#"
	EndProjectSection
EndProject
Global
	GlobalSection(SolutionConfigurationPlatforms) = preSolution
		Debug|Any CPU = Debug|Any CPU
	EndGlobalSection
	GlobalSection(ProjectConfigurationPlatforms) = postSolution
		{915672C8-D8A8-44AD-A20C-5EEBFE08AB19}.Debug|Any CPU.ActiveCfg = Debug|Any CPU
		{915672C8-D8A8-44AD-A20C-5EEBFE08AB19}.Debug|Any CPU.Build.0 = Debug|Any CPU
	EndGlobalSection
	GlobalSection(SolutionProperties) = preSolution
		HideSolutionNode = FALSE
	EndGlobalSection
	GlobalSection(ExtensibilityGlobals) = postSolution
		SolutionGuid = {403B3D79-C619-4D62-8887-8B461B2FBD71}
	EndGlobalSection
EndGlobal
